// !$*UTF8*$!
{
	archiveVersion = 1;
	classes = {
	};
	objectVersion = 51;
	objects = {

/* Begin PBXBuildFile section */
		012EBE30A9B25FA75048D299 /* Pods_OCD_Therapy.framework in Frameworks */ = {isa = PBXBuildFile; fileRef = FEF5092E074FCD4A26C374BD /* Pods_OCD_Therapy.framework */; };
		3A665A7B236A8BAE00608599 /* HomeUICollectionViewCell.swift in Sources */ = {isa = PBXBuildFile; fileRef = 3A665A7A236A8BAE00608599 /* HomeUICollectionViewCell.swift */; };
		3A8DA7EF2348EFEE00E1A138 /* AppDelegate.swift in Sources */ = {isa = PBXBuildFile; fileRef = 3A8DA7ED2348EFEE00E1A138 /* AppDelegate.swift */; };
		3A8DA7F72348F0A900E1A138 /* SignInViewController.swift in Sources */ = {isa = PBXBuildFile; fileRef = 3A8DA7F62348F0A900E1A138 /* SignInViewController.swift */; };
		3A8DA7F92348F0C600E1A138 /* SignUpViewController.swift in Sources */ = {isa = PBXBuildFile; fileRef = 3A8DA7F82348F0C600E1A138 /* SignUpViewController.swift */; };
		3A8DA7FB2348F28300E1A138 /* ParseUtility.swift in Sources */ = {isa = PBXBuildFile; fileRef = 3A8DA7FA2348F28300E1A138 /* ParseUtility.swift */; };
		3ABCF3922348F986004B5AD6 /* HomeViewController.swift in Sources */ = {isa = PBXBuildFile; fileRef = 3ABCF3912348F986004B5AD6 /* HomeViewController.swift */; };
		3ABCF3942348F9C1004B5AD6 /* NavigationConstants.swift in Sources */ = {isa = PBXBuildFile; fileRef = 3ABCF3932348F9C1004B5AD6 /* NavigationConstants.swift */; };
		3ABCF39623492C9F004B5AD6 /* ErrorHandle.swift in Sources */ = {isa = PBXBuildFile; fileRef = 3ABCF39523492C9F004B5AD6 /* ErrorHandle.swift */; };
		3AE1D2F2235231D100756FF6 /* StyleUtility.swift in Sources */ = {isa = PBXBuildFile; fileRef = 3AE1D2F1235231D100756FF6 /* StyleUtility.swift */; };
		6488E6C3DD4D6AF2A22DAB20 /* Pods_OCD_TherapyUITests.framework in Frameworks */ = {isa = PBXBuildFile; fileRef = B381710A1B022A82880C8777 /* Pods_OCD_TherapyUITests.framework */; };
		66AADAC885EE66F49E6AFA5B /* Pods_OCD_TherapyTests.framework in Frameworks */ = {isa = PBXBuildFile; fileRef = ACC35402A7EA29867244CB52 /* Pods_OCD_TherapyTests.framework */; };
		8D329C5E23513A5100552D25 /* GoogleService-Info.plist in Resources */ = {isa = PBXBuildFile; fileRef = 8D329C5D23513A5100552D25 /* GoogleService-Info.plist */; };
		8D46EF2B2361633800FE18D1 /* SettingsViewController.swift in Sources */ = {isa = PBXBuildFile; fileRef = 8D46EF2A2361633800FE18D1 /* SettingsViewController.swift */; };
		8D46EF2F2361683F00FE18D1 /* TabBarController.swift in Sources */ = {isa = PBXBuildFile; fileRef = 8D46EF2E2361683F00FE18D1 /* TabBarController.swift */; };
		8D46EF322364A62700FE18D1 /* ExposureViewController.swift in Sources */ = {isa = PBXBuildFile; fileRef = 8D46EF312364A62700FE18D1 /* ExposureViewController.swift */; };
		8D844196230A27E200CB8508 /* Main.storyboard in Resources */ = {isa = PBXBuildFile; fileRef = 8D844194230A27E200CB8508 /* Main.storyboard */; };
		8D844199230A27E200CB8508 /* OCD_Therapy.xcdatamodeld in Sources */ = {isa = PBXBuildFile; fileRef = 8D844197230A27E200CB8508 /* OCD_Therapy.xcdatamodeld */; };
		8D84419B230A27E400CB8508 /* Assets.xcassets in Resources */ = {isa = PBXBuildFile; fileRef = 8D84419A230A27E400CB8508 /* Assets.xcassets */; };
		8D84419E230A27E400CB8508 /* LaunchScreen.storyboard in Resources */ = {isa = PBXBuildFile; fileRef = 8D84419C230A27E400CB8508 /* LaunchScreen.storyboard */; };
		8D8441A9230A27E400CB8508 /* OCD_TherapyTests.swift in Sources */ = {isa = PBXBuildFile; fileRef = 8D8441A8230A27E400CB8508 /* OCD_TherapyTests.swift */; };
		8D8441B4230A27E400CB8508 /* OCD_TherapyUITests.swift in Sources */ = {isa = PBXBuildFile; fileRef = 8D8441B3230A27E400CB8508 /* OCD_TherapyUITests.swift */; };
		8D89740A2366276100463FC0 /* DBUtility.swift in Sources */ = {isa = PBXBuildFile; fileRef = 8D8974092366276100463FC0 /* DBUtility.swift */; };
		8DBD60EC23693E22004F4151 /* ConseqViewController.swift in Sources */ = {isa = PBXBuildFile; fileRef = 8DBD60EB23693E22004F4151 /* ConseqViewController.swift */; };
		8DBD60EE236948B7004F4151 /* LovedViewController.swift in Sources */ = {isa = PBXBuildFile; fileRef = 8DBD60ED236948B7004F4151 /* LovedViewController.swift */; };
		8DBD60F0236A8A6A004F4151 /* AnxietyViewController.swift in Sources */ = {isa = PBXBuildFile; fileRef = 8DBD60EF236A8A6A004F4151 /* AnxietyViewController.swift */; };
/* End PBXBuildFile section */

/* Begin PBXContainerItemProxy section */
		8D8441A5230A27E400CB8508 /* PBXContainerItemProxy */ = {
			isa = PBXContainerItemProxy;
			containerPortal = 8D844185230A27E200CB8508 /* Project object */;
			proxyType = 1;
			remoteGlobalIDString = 8D84418C230A27E200CB8508;
			remoteInfo = "OCD Therapy";
		};
		8D8441B0230A27E400CB8508 /* PBXContainerItemProxy */ = {
			isa = PBXContainerItemProxy;
			containerPortal = 8D844185230A27E200CB8508 /* Project object */;
			proxyType = 1;
			remoteGlobalIDString = 8D84418C230A27E200CB8508;
			remoteInfo = "OCD Therapy";
		};
/* End PBXContainerItemProxy section */

/* Begin PBXFileReference section */
		0A767EA21A6314FA886EC897 /* Pods-OCD TherapyTests.debug.xcconfig */ = {isa = PBXFileReference; includeInIndex = 1; lastKnownFileType = text.xcconfig; name = "Pods-OCD TherapyTests.debug.xcconfig"; path = "Target Support Files/Pods-OCD TherapyTests/Pods-OCD TherapyTests.debug.xcconfig"; sourceTree = "<group>"; };
		19E46DAA140BA0A62D023C29 /* Pods-OCD Therapy.release.xcconfig */ = {isa = PBXFileReference; includeInIndex = 1; lastKnownFileType = text.xcconfig; name = "Pods-OCD Therapy.release.xcconfig"; path = "Target Support Files/Pods-OCD Therapy/Pods-OCD Therapy.release.xcconfig"; sourceTree = "<group>"; };
		3A665A7A236A8BAE00608599 /* HomeUICollectionViewCell.swift */ = {isa = PBXFileReference; lastKnownFileType = sourcecode.swift; path = HomeUICollectionViewCell.swift; sourceTree = "<group>"; };
		3A8DA7ED2348EFEE00E1A138 /* AppDelegate.swift */ = {isa = PBXFileReference; fileEncoding = 4; lastKnownFileType = sourcecode.swift; path = AppDelegate.swift; sourceTree = "<group>"; };
		3A8DA7F62348F0A900E1A138 /* SignInViewController.swift */ = {isa = PBXFileReference; lastKnownFileType = sourcecode.swift; path = SignInViewController.swift; sourceTree = "<group>"; };
		3A8DA7F82348F0C600E1A138 /* SignUpViewController.swift */ = {isa = PBXFileReference; lastKnownFileType = sourcecode.swift; path = SignUpViewController.swift; sourceTree = "<group>"; };
		3A8DA7FA2348F28300E1A138 /* ParseUtility.swift */ = {isa = PBXFileReference; lastKnownFileType = sourcecode.swift; path = ParseUtility.swift; sourceTree = "<group>"; };
		3ABCF3912348F986004B5AD6 /* HomeViewController.swift */ = {isa = PBXFileReference; lastKnownFileType = sourcecode.swift; path = HomeViewController.swift; sourceTree = "<group>"; };
		3ABCF3932348F9C1004B5AD6 /* NavigationConstants.swift */ = {isa = PBXFileReference; lastKnownFileType = sourcecode.swift; path = NavigationConstants.swift; sourceTree = "<group>"; };
		3ABCF39523492C9F004B5AD6 /* ErrorHandle.swift */ = {isa = PBXFileReference; lastKnownFileType = sourcecode.swift; path = ErrorHandle.swift; sourceTree = "<group>"; };
		3AE1D2F1235231D100756FF6 /* StyleUtility.swift */ = {isa = PBXFileReference; lastKnownFileType = sourcecode.swift; path = StyleUtility.swift; sourceTree = "<group>"; };
		4316D4699957F5DA1F6C698E /* Pods-OCD TherapyTests.release.xcconfig */ = {isa = PBXFileReference; includeInIndex = 1; lastKnownFileType = text.xcconfig; name = "Pods-OCD TherapyTests.release.xcconfig"; path = "Target Support Files/Pods-OCD TherapyTests/Pods-OCD TherapyTests.release.xcconfig"; sourceTree = "<group>"; };
		4D93F3B6781DCA9463518C57 /* Pods-OCD Therapy.debug.xcconfig */ = {isa = PBXFileReference; includeInIndex = 1; lastKnownFileType = text.xcconfig; name = "Pods-OCD Therapy.debug.xcconfig"; path = "Target Support Files/Pods-OCD Therapy/Pods-OCD Therapy.debug.xcconfig"; sourceTree = "<group>"; };
		6B0FBA0A80F834E61FBEAA8E /* Pods-OCD TherapyUITests.debug.xcconfig */ = {isa = PBXFileReference; includeInIndex = 1; lastKnownFileType = text.xcconfig; name = "Pods-OCD TherapyUITests.debug.xcconfig"; path = "Target Support Files/Pods-OCD TherapyUITests/Pods-OCD TherapyUITests.debug.xcconfig"; sourceTree = "<group>"; };
		8D329C5D23513A5100552D25 /* GoogleService-Info.plist */ = {isa = PBXFileReference; fileEncoding = 4; lastKnownFileType = text.plist.xml; path = "GoogleService-Info.plist"; sourceTree = "<group>"; };
		8D46EF2A2361633800FE18D1 /* SettingsViewController.swift */ = {isa = PBXFileReference; lastKnownFileType = sourcecode.swift; path = SettingsViewController.swift; sourceTree = "<group>"; };
		8D46EF2E2361683F00FE18D1 /* TabBarController.swift */ = {isa = PBXFileReference; lastKnownFileType = sourcecode.swift; path = TabBarController.swift; sourceTree = "<group>"; };
		8D46EF312364A62700FE18D1 /* ExposureViewController.swift */ = {isa = PBXFileReference; lastKnownFileType = sourcecode.swift; path = ExposureViewController.swift; sourceTree = "<group>"; };
		8D84418D230A27E200CB8508 /* OCD Therapy.app */ = {isa = PBXFileReference; explicitFileType = wrapper.application; includeInIndex = 0; path = "OCD Therapy.app"; sourceTree = BUILT_PRODUCTS_DIR; };
		8D844195230A27E200CB8508 /* Base */ = {isa = PBXFileReference; lastKnownFileType = file.storyboard; name = Base; path = Base.lproj/Main.storyboard; sourceTree = "<group>"; };
		8D844198230A27E200CB8508 /* OCD_Therapy.xcdatamodel */ = {isa = PBXFileReference; lastKnownFileType = wrapper.xcdatamodel; path = OCD_Therapy.xcdatamodel; sourceTree = "<group>"; };
		8D84419A230A27E400CB8508 /* Assets.xcassets */ = {isa = PBXFileReference; lastKnownFileType = folder.assetcatalog; path = Assets.xcassets; sourceTree = "<group>"; };
		8D84419D230A27E400CB8508 /* Base */ = {isa = PBXFileReference; lastKnownFileType = file.storyboard; name = Base; path = Base.lproj/LaunchScreen.storyboard; sourceTree = "<group>"; };
		8D84419F230A27E400CB8508 /* Info.plist */ = {isa = PBXFileReference; lastKnownFileType = text.plist.xml; path = Info.plist; sourceTree = "<group>"; };
		8D8441A4230A27E400CB8508 /* OCD TherapyTests.xctest */ = {isa = PBXFileReference; explicitFileType = wrapper.cfbundle; includeInIndex = 0; path = "OCD TherapyTests.xctest"; sourceTree = BUILT_PRODUCTS_DIR; };
		8D8441A8230A27E400CB8508 /* OCD_TherapyTests.swift */ = {isa = PBXFileReference; lastKnownFileType = sourcecode.swift; path = OCD_TherapyTests.swift; sourceTree = "<group>"; };
		8D8441AA230A27E400CB8508 /* Info.plist */ = {isa = PBXFileReference; lastKnownFileType = text.plist.xml; path = Info.plist; sourceTree = "<group>"; };
		8D8441AF230A27E400CB8508 /* OCD TherapyUITests.xctest */ = {isa = PBXFileReference; explicitFileType = wrapper.cfbundle; includeInIndex = 0; path = "OCD TherapyUITests.xctest"; sourceTree = BUILT_PRODUCTS_DIR; };
		8D8441B3230A27E400CB8508 /* OCD_TherapyUITests.swift */ = {isa = PBXFileReference; lastKnownFileType = sourcecode.swift; path = OCD_TherapyUITests.swift; sourceTree = "<group>"; };
		8D8441B5230A27E400CB8508 /* Info.plist */ = {isa = PBXFileReference; lastKnownFileType = text.plist.xml; path = Info.plist; sourceTree = "<group>"; };
		8D8974092366276100463FC0 /* DBUtility.swift */ = {isa = PBXFileReference; lastKnownFileType = sourcecode.swift; path = DBUtility.swift; sourceTree = "<group>"; };
		8DBD60EB23693E22004F4151 /* ConseqViewController.swift */ = {isa = PBXFileReference; lastKnownFileType = sourcecode.swift; path = ConseqViewController.swift; sourceTree = "<group>"; };
		8DBD60ED236948B7004F4151 /* LovedViewController.swift */ = {isa = PBXFileReference; lastKnownFileType = sourcecode.swift; path = LovedViewController.swift; sourceTree = "<group>"; };
		8DBD60EF236A8A6A004F4151 /* AnxietyViewController.swift */ = {isa = PBXFileReference; lastKnownFileType = sourcecode.swift; path = AnxietyViewController.swift; sourceTree = "<group>"; };
		ACC35402A7EA29867244CB52 /* Pods_OCD_TherapyTests.framework */ = {isa = PBXFileReference; explicitFileType = wrapper.framework; includeInIndex = 0; path = Pods_OCD_TherapyTests.framework; sourceTree = BUILT_PRODUCTS_DIR; };
		B381710A1B022A82880C8777 /* Pods_OCD_TherapyUITests.framework */ = {isa = PBXFileReference; explicitFileType = wrapper.framework; includeInIndex = 0; path = Pods_OCD_TherapyUITests.framework; sourceTree = BUILT_PRODUCTS_DIR; };
		F8BE4FD18B2AE2A78824900A /* Pods-OCD TherapyUITests.release.xcconfig */ = {isa = PBXFileReference; includeInIndex = 1; lastKnownFileType = text.xcconfig; name = "Pods-OCD TherapyUITests.release.xcconfig"; path = "Target Support Files/Pods-OCD TherapyUITests/Pods-OCD TherapyUITests.release.xcconfig"; sourceTree = "<group>"; };
		FEF5092E074FCD4A26C374BD /* Pods_OCD_Therapy.framework */ = {isa = PBXFileReference; explicitFileType = wrapper.framework; includeInIndex = 0; path = Pods_OCD_Therapy.framework; sourceTree = BUILT_PRODUCTS_DIR; };
/* End PBXFileReference section */

/* Begin PBXFrameworksBuildPhase section */
		8D84418A230A27E200CB8508 /* Frameworks */ = {
			isa = PBXFrameworksBuildPhase;
			buildActionMask = 2147483647;
			files = (
				012EBE30A9B25FA75048D299 /* Pods_OCD_Therapy.framework in Frameworks */,
			);
			runOnlyForDeploymentPostprocessing = 0;
		};
		8D8441A1230A27E400CB8508 /* Frameworks */ = {
			isa = PBXFrameworksBuildPhase;
			buildActionMask = 2147483647;
			files = (
				66AADAC885EE66F49E6AFA5B /* Pods_OCD_TherapyTests.framework in Frameworks */,
			);
			runOnlyForDeploymentPostprocessing = 0;
		};
		8D8441AC230A27E400CB8508 /* Frameworks */ = {
			isa = PBXFrameworksBuildPhase;
			buildActionMask = 2147483647;
			files = (
				6488E6C3DD4D6AF2A22DAB20 /* Pods_OCD_TherapyUITests.framework in Frameworks */,
			);
			runOnlyForDeploymentPostprocessing = 0;
		};
/* End PBXFrameworksBuildPhase section */

/* Begin PBXGroup section */
		3A8DA7EB2348EFEE00E1A138 /* Controller */ = {
			isa = PBXGroup;
			children = (
				8DBD60EA23693D87004F4151 /* Exposure */,
				8D46EF302364A60F00FE18D1 /* Auth */,
				3A8DA7ED2348EFEE00E1A138 /* AppDelegate.swift */,
				3ABCF3912348F986004B5AD6 /* HomeViewController.swift */,
				8D46EF2A2361633800FE18D1 /* SettingsViewController.swift */,
			);
			path = Controller;
			sourceTree = "<group>";
		};
		3A8DA7F02348EFF700E1A138 /* Model */ = {
			isa = PBXGroup;
			children = (
				3A8DA7FA2348F28300E1A138 /* ParseUtility.swift */,
				3ABCF39523492C9F004B5AD6 /* ErrorHandle.swift */,
				3ABCF3932348F9C1004B5AD6 /* NavigationConstants.swift */,
				3AE1D2F1235231D100756FF6 /* StyleUtility.swift */,
				8D8974092366276100463FC0 /* DBUtility.swift */,
			);
			path = Model;
			sourceTree = "<group>";
		};
		3A8DA7F12348EFFD00E1A138 /* View */ = {
			isa = PBXGroup;
			children = (
				8D84419C230A27E400CB8508 /* LaunchScreen.storyboard */,
				8D844194230A27E200CB8508 /* Main.storyboard */,
				8D46EF2E2361683F00FE18D1 /* TabBarController.swift */,
				3A665A7A236A8BAE00608599 /* HomeUICollectionViewCell.swift */,
			);
			path = View;
			sourceTree = "<group>";
		};
		51679048D585E47BD46B6DBD /* Frameworks */ = {
			isa = PBXGroup;
			children = (
				FEF5092E074FCD4A26C374BD /* Pods_OCD_Therapy.framework */,
				ACC35402A7EA29867244CB52 /* Pods_OCD_TherapyTests.framework */,
				B381710A1B022A82880C8777 /* Pods_OCD_TherapyUITests.framework */,
			);
			name = Frameworks;
			sourceTree = "<group>";
		};
		61AC9058788624A3E8FCD49E /* Pods */ = {
			isa = PBXGroup;
			children = (
				4D93F3B6781DCA9463518C57 /* Pods-OCD Therapy.debug.xcconfig */,
				19E46DAA140BA0A62D023C29 /* Pods-OCD Therapy.release.xcconfig */,
				0A767EA21A6314FA886EC897 /* Pods-OCD TherapyTests.debug.xcconfig */,
				4316D4699957F5DA1F6C698E /* Pods-OCD TherapyTests.release.xcconfig */,
				6B0FBA0A80F834E61FBEAA8E /* Pods-OCD TherapyUITests.debug.xcconfig */,
				F8BE4FD18B2AE2A78824900A /* Pods-OCD TherapyUITests.release.xcconfig */,
			);
			path = Pods;
			sourceTree = "<group>";
		};
		8D46EF302364A60F00FE18D1 /* Auth */ = {
			isa = PBXGroup;
			children = (
				3A8DA7F82348F0C600E1A138 /* SignUpViewController.swift */,
				3A8DA7F62348F0A900E1A138 /* SignInViewController.swift */,
			);
			path = Auth;
			sourceTree = "<group>";
		};
		8D844184230A27E200CB8508 = {
			isa = PBXGroup;
			children = (
				8D84418F230A27E200CB8508 /* OCD Therapy */,
				8D8441A7230A27E400CB8508 /* OCD TherapyTests */,
				8D8441B2230A27E400CB8508 /* OCD TherapyUITests */,
				8D84418E230A27E200CB8508 /* Products */,
				61AC9058788624A3E8FCD49E /* Pods */,
				51679048D585E47BD46B6DBD /* Frameworks */,
			);
			sourceTree = "<group>";
		};
		8D84418E230A27E200CB8508 /* Products */ = {
			isa = PBXGroup;
			children = (
				8D84418D230A27E200CB8508 /* OCD Therapy.app */,
				8D8441A4230A27E400CB8508 /* OCD TherapyTests.xctest */,
				8D8441AF230A27E400CB8508 /* OCD TherapyUITests.xctest */,
			);
			name = Products;
			sourceTree = "<group>";
		};
		8D84418F230A27E200CB8508 /* OCD Therapy */ = {
			isa = PBXGroup;
			children = (
				8D329C5D23513A5100552D25 /* GoogleService-Info.plist */,
				3A8DA7F12348EFFD00E1A138 /* View */,
				3A8DA7F02348EFF700E1A138 /* Model */,
				3A8DA7EB2348EFEE00E1A138 /* Controller */,
				8D84419A230A27E400CB8508 /* Assets.xcassets */,
				8D84419F230A27E400CB8508 /* Info.plist */,
				8D844197230A27E200CB8508 /* OCD_Therapy.xcdatamodeld */,
			);
			path = "OCD Therapy";
			sourceTree = "<group>";
		};
		8D8441A7230A27E400CB8508 /* OCD TherapyTests */ = {
			isa = PBXGroup;
			children = (
				8D8441A8230A27E400CB8508 /* OCD_TherapyTests.swift */,
				8D8441AA230A27E400CB8508 /* Info.plist */,
			);
			path = "OCD TherapyTests";
			sourceTree = "<group>";
		};
		8D8441B2230A27E400CB8508 /* OCD TherapyUITests */ = {
			isa = PBXGroup;
			children = (
				8D8441B3230A27E400CB8508 /* OCD_TherapyUITests.swift */,
				8D8441B5230A27E400CB8508 /* Info.plist */,
			);
			path = "OCD TherapyUITests";
			sourceTree = "<group>";
		};
		8DBD60EA23693D87004F4151 /* Exposure */ = {
			isa = PBXGroup;
			children = (
				8D46EF312364A62700FE18D1 /* ExposureViewController.swift */,
				8DBD60EB23693E22004F4151 /* ConseqViewController.swift */,
				8DBD60ED236948B7004F4151 /* LovedViewController.swift */,
				8DBD60EF236A8A6A004F4151 /* AnxietyViewController.swift */,
			);
			path = Exposure;
			sourceTree = "<group>";
		};
/* End PBXGroup section */

/* Begin PBXNativeTarget section */
		8D84418C230A27E200CB8508 /* OCD Therapy */ = {
			isa = PBXNativeTarget;
			buildConfigurationList = 8D8441B8230A27E400CB8508 /* Build configuration list for PBXNativeTarget "OCD Therapy" */;
			buildPhases = (
				10E68CACB7BA21287C7340E4 /* [CP] Check Pods Manifest.lock */,
				8D844189230A27E200CB8508 /* Sources */,
				8D84418A230A27E200CB8508 /* Frameworks */,
				8D84418B230A27E200CB8508 /* Resources */,
				26F352297B6308E191082DC1 /* [CP] Embed Pods Frameworks */,
				7BFF5791F411381673B9B403 /* [CP] Copy Pods Resources */,
			);
			buildRules = (
			);
			dependencies = (
			);
			name = "OCD Therapy";
			productName = "OCD Therapy";
			productReference = 8D84418D230A27E200CB8508 /* OCD Therapy.app */;
			productType = "com.apple.product-type.application";
		};
		8D8441A3230A27E400CB8508 /* OCD TherapyTests */ = {
			isa = PBXNativeTarget;
			buildConfigurationList = 8D8441BB230A27E400CB8508 /* Build configuration list for PBXNativeTarget "OCD TherapyTests" */;
			buildPhases = (
				820F217A25839E39CCA8E632 /* [CP] Check Pods Manifest.lock */,
				8D8441A0230A27E400CB8508 /* Sources */,
				8D8441A1230A27E400CB8508 /* Frameworks */,
				8D8441A2230A27E400CB8508 /* Resources */,
			);
			buildRules = (
			);
			dependencies = (
				8D8441A6230A27E400CB8508 /* PBXTargetDependency */,
			);
			name = "OCD TherapyTests";
			productName = "OCD TherapyTests";
			productReference = 8D8441A4230A27E400CB8508 /* OCD TherapyTests.xctest */;
			productType = "com.apple.product-type.bundle.unit-test";
		};
		8D8441AE230A27E400CB8508 /* OCD TherapyUITests */ = {
			isa = PBXNativeTarget;
			buildConfigurationList = 8D8441BE230A27E400CB8508 /* Build configuration list for PBXNativeTarget "OCD TherapyUITests" */;
			buildPhases = (
				6EC7C4843A96B52C2F1BDFFF /* [CP] Check Pods Manifest.lock */,
				8D8441AB230A27E400CB8508 /* Sources */,
				8D8441AC230A27E400CB8508 /* Frameworks */,
				8D8441AD230A27E400CB8508 /* Resources */,
			);
			buildRules = (
			);
			dependencies = (
				8D8441B1230A27E400CB8508 /* PBXTargetDependency */,
			);
			name = "OCD TherapyUITests";
			productName = "OCD TherapyUITests";
			productReference = 8D8441AF230A27E400CB8508 /* OCD TherapyUITests.xctest */;
			productType = "com.apple.product-type.bundle.ui-testing";
		};
/* End PBXNativeTarget section */

/* Begin PBXProject section */
		8D844185230A27E200CB8508 /* Project object */ = {
			isa = PBXProject;
			attributes = {
				LastSwiftUpdateCheck = 1020;
				LastUpgradeCheck = 1020;
				ORGANIZATIONNAME = KarsickKeep;
				TargetAttributes = {
					8D84418C230A27E200CB8508 = {
						CreatedOnToolsVersion = 10.2;
					};
					8D8441A3230A27E400CB8508 = {
						CreatedOnToolsVersion = 10.2;
						TestTargetID = 8D84418C230A27E200CB8508;
					};
					8D8441AE230A27E400CB8508 = {
						CreatedOnToolsVersion = 10.2;
						TestTargetID = 8D84418C230A27E200CB8508;
					};
				};
			};
			buildConfigurationList = 8D844188230A27E200CB8508 /* Build configuration list for PBXProject "OCD Therapy" */;
			compatibilityVersion = "Xcode 9.3";
			developmentRegion = en;
			hasScannedForEncodings = 0;
			knownRegions = (
				en,
				Base,
			);
			mainGroup = 8D844184230A27E200CB8508;
			productRefGroup = 8D84418E230A27E200CB8508 /* Products */;
			projectDirPath = "";
			projectRoot = "";
			targets = (
				8D84418C230A27E200CB8508 /* OCD Therapy */,
				8D8441A3230A27E400CB8508 /* OCD TherapyTests */,
				8D8441AE230A27E400CB8508 /* OCD TherapyUITests */,
			);
		};
/* End PBXProject section */

/* Begin PBXResourcesBuildPhase section */
		8D84418B230A27E200CB8508 /* Resources */ = {
			isa = PBXResourcesBuildPhase;
			buildActionMask = 2147483647;
			files = (
				8D84419E230A27E400CB8508 /* LaunchScreen.storyboard in Resources */,
				8D329C5E23513A5100552D25 /* GoogleService-Info.plist in Resources */,
				8D84419B230A27E400CB8508 /* Assets.xcassets in Resources */,
				8D844196230A27E200CB8508 /* Main.storyboard in Resources */,
			);
			runOnlyForDeploymentPostprocessing = 0;
		};
		8D8441A2230A27E400CB8508 /* Resources */ = {
			isa = PBXResourcesBuildPhase;
			buildActionMask = 2147483647;
			files = (
			);
			runOnlyForDeploymentPostprocessing = 0;
		};
		8D8441AD230A27E400CB8508 /* Resources */ = {
			isa = PBXResourcesBuildPhase;
			buildActionMask = 2147483647;
			files = (
			);
			runOnlyForDeploymentPostprocessing = 0;
		};
/* End PBXResourcesBuildPhase section */

/* Begin PBXShellScriptBuildPhase section */
		10E68CACB7BA21287C7340E4 /* [CP] Check Pods Manifest.lock */ = {
			isa = PBXShellScriptBuildPhase;
			buildActionMask = 2147483647;
			files = (
			);
			inputFileListPaths = (
			);
			inputPaths = (
				"${PODS_PODFILE_DIR_PATH}/Podfile.lock",
				"${PODS_ROOT}/Manifest.lock",
			);
			name = "[CP] Check Pods Manifest.lock";
			outputFileListPaths = (
			);
			outputPaths = (
				"$(DERIVED_FILE_DIR)/Pods-OCD Therapy-checkManifestLockResult.txt",
			);
			runOnlyForDeploymentPostprocessing = 0;
			shellPath = /bin/sh;
			shellScript = "diff \"${PODS_PODFILE_DIR_PATH}/Podfile.lock\" \"${PODS_ROOT}/Manifest.lock\" > /dev/null\nif [ $? != 0 ] ; then\n    # print error to STDERR\n    echo \"error: The sandbox is not in sync with the Podfile.lock. Run 'pod install' or update your CocoaPods installation.\" >&2\n    exit 1\nfi\n# This output is used by Xcode 'outputs' to avoid re-running this script phase.\necho \"SUCCESS\" > \"${SCRIPT_OUTPUT_FILE_0}\"\n";
			showEnvVarsInLog = 0;
		};
		26F352297B6308E191082DC1 /* [CP] Embed Pods Frameworks */ = {
			isa = PBXShellScriptBuildPhase;
			buildActionMask = 2147483647;
			files = (
			);
			inputFileListPaths = (
				"${PODS_ROOT}/Target Support Files/Pods-OCD Therapy/Pods-OCD Therapy-frameworks-${CONFIGURATION}-input-files.xcfilelist",
			);
			name = "[CP] Embed Pods Frameworks";
			outputFileListPaths = (
				"${PODS_ROOT}/Target Support Files/Pods-OCD Therapy/Pods-OCD Therapy-frameworks-${CONFIGURATION}-output-files.xcfilelist",
			);
			runOnlyForDeploymentPostprocessing = 0;
			shellPath = /bin/sh;
			shellScript = "\"${PODS_ROOT}/Target Support Files/Pods-OCD Therapy/Pods-OCD Therapy-frameworks.sh\"\n";
			showEnvVarsInLog = 0;
		};
		6EC7C4843A96B52C2F1BDFFF /* [CP] Check Pods Manifest.lock */ = {
			isa = PBXShellScriptBuildPhase;
			buildActionMask = 2147483647;
			files = (
			);
			inputFileListPaths = (
			);
			inputPaths = (
				"${PODS_PODFILE_DIR_PATH}/Podfile.lock",
				"${PODS_ROOT}/Manifest.lock",
			);
			name = "[CP] Check Pods Manifest.lock";
			outputFileListPaths = (
			);
			outputPaths = (
				"$(DERIVED_FILE_DIR)/Pods-OCD TherapyUITests-checkManifestLockResult.txt",
			);
			runOnlyForDeploymentPostprocessing = 0;
			shellPath = /bin/sh;
			shellScript = "diff \"${PODS_PODFILE_DIR_PATH}/Podfile.lock\" \"${PODS_ROOT}/Manifest.lock\" > /dev/null\nif [ $? != 0 ] ; then\n    # print error to STDERR\n    echo \"error: The sandbox is not in sync with the Podfile.lock. Run 'pod install' or update your CocoaPods installation.\" >&2\n    exit 1\nfi\n# This output is used by Xcode 'outputs' to avoid re-running this script phase.\necho \"SUCCESS\" > \"${SCRIPT_OUTPUT_FILE_0}\"\n";
			showEnvVarsInLog = 0;
		};
		7BFF5791F411381673B9B403 /* [CP] Copy Pods Resources */ = {
			isa = PBXShellScriptBuildPhase;
			buildActionMask = 2147483647;
			files = (
			);
			inputFileListPaths = (
				"${PODS_ROOT}/Target Support Files/Pods-OCD Therapy/Pods-OCD Therapy-resources-${CONFIGURATION}-input-files.xcfilelist",
			);
			name = "[CP] Copy Pods Resources";
			outputFileListPaths = (
				"${PODS_ROOT}/Target Support Files/Pods-OCD Therapy/Pods-OCD Therapy-resources-${CONFIGURATION}-output-files.xcfilelist",
			);
			runOnlyForDeploymentPostprocessing = 0;
			shellPath = /bin/sh;
			shellScript = "\"${PODS_ROOT}/Target Support Files/Pods-OCD Therapy/Pods-OCD Therapy-resources.sh\"\n";
			showEnvVarsInLog = 0;
		};
		820F217A25839E39CCA8E632 /* [CP] Check Pods Manifest.lock */ = {
			isa = PBXShellScriptBuildPhase;
			buildActionMask = 2147483647;
			files = (
			);
			inputFileListPaths = (
			);
			inputPaths = (
				"${PODS_PODFILE_DIR_PATH}/Podfile.lock",
				"${PODS_ROOT}/Manifest.lock",
			);
			name = "[CP] Check Pods Manifest.lock";
			outputFileListPaths = (
			);
			outputPaths = (
				"$(DERIVED_FILE_DIR)/Pods-OCD TherapyTests-checkManifestLockResult.txt",
			);
			runOnlyForDeploymentPostprocessing = 0;
			shellPath = /bin/sh;
			shellScript = "diff \"${PODS_PODFILE_DIR_PATH}/Podfile.lock\" \"${PODS_ROOT}/Manifest.lock\" > /dev/null\nif [ $? != 0 ] ; then\n    # print error to STDERR\n    echo \"error: The sandbox is not in sync with the Podfile.lock. Run 'pod install' or update your CocoaPods installation.\" >&2\n    exit 1\nfi\n# This output is used by Xcode 'outputs' to avoid re-running this script phase.\necho \"SUCCESS\" > \"${SCRIPT_OUTPUT_FILE_0}\"\n";
			showEnvVarsInLog = 0;
		};
/* End PBXShellScriptBuildPhase section */

/* Begin PBXSourcesBuildPhase section */
		8D844189230A27E200CB8508 /* Sources */ = {
			isa = PBXSourcesBuildPhase;
			buildActionMask = 2147483647;
			files = (
				3ABCF39623492C9F004B5AD6 /* ErrorHandle.swift in Sources */,
				3A8DA7FB2348F28300E1A138 /* ParseUtility.swift in Sources */,
				8D46EF2F2361683F00FE18D1 /* TabBarController.swift in Sources */,
				3ABCF3942348F9C1004B5AD6 /* NavigationConstants.swift in Sources */,
				8D46EF2B2361633800FE18D1 /* SettingsViewController.swift in Sources */,
				8DBD60EC23693E22004F4151 /* ConseqViewController.swift in Sources */,
				3A8DA7F72348F0A900E1A138 /* SignInViewController.swift in Sources */,
				3A665A7B236A8BAE00608599 /* HomeUICollectionViewCell.swift in Sources */,
				8DBD60F0236A8A6A004F4151 /* AnxietyViewController.swift in Sources */,
				3A8DA7EF2348EFEE00E1A138 /* AppDelegate.swift in Sources */,
				8D844199230A27E200CB8508 /* OCD_Therapy.xcdatamodeld in Sources */,
				8DBD60EE236948B7004F4151 /* LovedViewController.swift in Sources */,
				3ABCF3922348F986004B5AD6 /* HomeViewController.swift in Sources */,
				8D89740A2366276100463FC0 /* DBUtility.swift in Sources */,
				8D46EF322364A62700FE18D1 /* ExposureViewController.swift in Sources */,
				3AE1D2F2235231D100756FF6 /* StyleUtility.swift in Sources */,
				3A8DA7F92348F0C600E1A138 /* SignUpViewController.swift in Sources */,
			);
			runOnlyForDeploymentPostprocessing = 0;
		};
		8D8441A0230A27E400CB8508 /* Sources */ = {
			isa = PBXSourcesBuildPhase;
			buildActionMask = 2147483647;
			files = (
				8D8441A9230A27E400CB8508 /* OCD_TherapyTests.swift in Sources */,
			);
			runOnlyForDeploymentPostprocessing = 0;
		};
		8D8441AB230A27E400CB8508 /* Sources */ = {
			isa = PBXSourcesBuildPhase;
			buildActionMask = 2147483647;
			files = (
				8D8441B4230A27E400CB8508 /* OCD_TherapyUITests.swift in Sources */,
			);
			runOnlyForDeploymentPostprocessing = 0;
		};
/* End PBXSourcesBuildPhase section */

/* Begin PBXTargetDependency section */
		8D8441A6230A27E400CB8508 /* PBXTargetDependency */ = {
			isa = PBXTargetDependency;
			target = 8D84418C230A27E200CB8508 /* OCD Therapy */;
			targetProxy = 8D8441A5230A27E400CB8508 /* PBXContainerItemProxy */;
		};
		8D8441B1230A27E400CB8508 /* PBXTargetDependency */ = {
			isa = PBXTargetDependency;
			target = 8D84418C230A27E200CB8508 /* OCD Therapy */;
			targetProxy = 8D8441B0230A27E400CB8508 /* PBXContainerItemProxy */;
		};
/* End PBXTargetDependency section */

/* Begin PBXVariantGroup section */
		8D844194230A27E200CB8508 /* Main.storyboard */ = {
			isa = PBXVariantGroup;
			children = (
				8D844195230A27E200CB8508 /* Base */,
			);
			name = Main.storyboard;
			sourceTree = "<group>";
		};
		8D84419C230A27E400CB8508 /* LaunchScreen.storyboard */ = {
			isa = PBXVariantGroup;
			children = (
				8D84419D230A27E400CB8508 /* Base */,
			);
			name = LaunchScreen.storyboard;
			sourceTree = "<group>";
		};
/* End PBXVariantGroup section */

/* Begin XCBuildConfiguration section */
		8D8441B6230A27E400CB8508 /* Debug */ = {
			isa = XCBuildConfiguration;
			buildSettings = {
				ALWAYS_SEARCH_USER_PATHS = NO;
				CLANG_ANALYZER_NONNULL = YES;
				CLANG_ANALYZER_NUMBER_OBJECT_CONVERSION = YES_AGGRESSIVE;
				CLANG_CXX_LANGUAGE_STANDARD = "gnu++14";
				CLANG_CXX_LIBRARY = "libc++";
				CLANG_ENABLE_MODULES = YES;
				CLANG_ENABLE_OBJC_ARC = YES;
				CLANG_ENABLE_OBJC_WEAK = YES;
				CLANG_WARN_BLOCK_CAPTURE_AUTORELEASING = YES;
				CLANG_WARN_BOOL_CONVERSION = YES;
				CLANG_WARN_COMMA = YES;
				CLANG_WARN_CONSTANT_CONVERSION = YES;
				CLANG_WARN_DEPRECATED_OBJC_IMPLEMENTATIONS = YES;
				CLANG_WARN_DIRECT_OBJC_ISA_USAGE = YES_ERROR;
				CLANG_WARN_DOCUMENTATION_COMMENTS = YES;
				CLANG_WARN_EMPTY_BODY = YES;
				CLANG_WARN_ENUM_CONVERSION = YES;
				CLANG_WARN_INFINITE_RECURSION = YES;
				CLANG_WARN_INT_CONVERSION = YES;
				CLANG_WARN_NON_LITERAL_NULL_CONVERSION = YES;
				CLANG_WARN_OBJC_IMPLICIT_RETAIN_SELF = YES;
				CLANG_WARN_OBJC_LITERAL_CONVERSION = YES;
				CLANG_WARN_OBJC_ROOT_CLASS = YES_ERROR;
				CLANG_WARN_RANGE_LOOP_ANALYSIS = YES;
				CLANG_WARN_STRICT_PROTOTYPES = YES;
				CLANG_WARN_SUSPICIOUS_MOVE = YES;
				CLANG_WARN_UNGUARDED_AVAILABILITY = YES_AGGRESSIVE;
				CLANG_WARN_UNREACHABLE_CODE = YES;
				CLANG_WARN__DUPLICATE_METHOD_MATCH = YES;
				CODE_SIGN_IDENTITY = "iPhone Developer";
				COPY_PHASE_STRIP = NO;
				DEBUG_INFORMATION_FORMAT = dwarf;
				ENABLE_STRICT_OBJC_MSGSEND = YES;
				ENABLE_TESTABILITY = YES;
				GCC_C_LANGUAGE_STANDARD = gnu11;
				GCC_DYNAMIC_NO_PIC = NO;
				GCC_NO_COMMON_BLOCKS = YES;
				GCC_OPTIMIZATION_LEVEL = 0;
				GCC_PREPROCESSOR_DEFINITIONS = (
					"DEBUG=1",
					"$(inherited)",
				);
				GCC_WARN_64_TO_32_BIT_CONVERSION = YES;
				GCC_WARN_ABOUT_RETURN_TYPE = YES_ERROR;
				GCC_WARN_UNDECLARED_SELECTOR = YES;
				GCC_WARN_UNINITIALIZED_AUTOS = YES_AGGRESSIVE;
				GCC_WARN_UNUSED_FUNCTION = YES;
				GCC_WARN_UNUSED_VARIABLE = YES;
				IPHONEOS_DEPLOYMENT_TARGET = 12.2;
				MTL_ENABLE_DEBUG_INFO = INCLUDE_SOURCE;
				MTL_FAST_MATH = YES;
				ONLY_ACTIVE_ARCH = YES;
				SDKROOT = iphoneos;
				SWIFT_ACTIVE_COMPILATION_CONDITIONS = DEBUG;
				SWIFT_OPTIMIZATION_LEVEL = "-Onone";
			};
			name = Debug;
		};
		8D8441B7230A27E400CB8508 /* Release */ = {
			isa = XCBuildConfiguration;
			buildSettings = {
				ALWAYS_SEARCH_USER_PATHS = NO;
				CLANG_ANALYZER_NONNULL = YES;
				CLANG_ANALYZER_NUMBER_OBJECT_CONVERSION = YES_AGGRESSIVE;
				CLANG_CXX_LANGUAGE_STANDARD = "gnu++14";
				CLANG_CXX_LIBRARY = "libc++";
				CLANG_ENABLE_MODULES = YES;
				CLANG_ENABLE_OBJC_ARC = YES;
				CLANG_ENABLE_OBJC_WEAK = YES;
				CLANG_WARN_BLOCK_CAPTURE_AUTORELEASING = YES;
				CLANG_WARN_BOOL_CONVERSION = YES;
				CLANG_WARN_COMMA = YES;
				CLANG_WARN_CONSTANT_CONVERSION = YES;
				CLANG_WARN_DEPRECATED_OBJC_IMPLEMENTATIONS = YES;
				CLANG_WARN_DIRECT_OBJC_ISA_USAGE = YES_ERROR;
				CLANG_WARN_DOCUMENTATION_COMMENTS = YES;
				CLANG_WARN_EMPTY_BODY = YES;
				CLANG_WARN_ENUM_CONVERSION = YES;
				CLANG_WARN_INFINITE_RECURSION = YES;
				CLANG_WARN_INT_CONVERSION = YES;
				CLANG_WARN_NON_LITERAL_NULL_CONVERSION = YES;
				CLANG_WARN_OBJC_IMPLICIT_RETAIN_SELF = YES;
				CLANG_WARN_OBJC_LITERAL_CONVERSION = YES;
				CLANG_WARN_OBJC_ROOT_CLASS = YES_ERROR;
				CLANG_WARN_RANGE_LOOP_ANALYSIS = YES;
				CLANG_WARN_STRICT_PROTOTYPES = YES;
				CLANG_WARN_SUSPICIOUS_MOVE = YES;
				CLANG_WARN_UNGUARDED_AVAILABILITY = YES_AGGRESSIVE;
				CLANG_WARN_UNREACHABLE_CODE = YES;
				CLANG_WARN__DUPLICATE_METHOD_MATCH = YES;
				CODE_SIGN_IDENTITY = "iPhone Developer";
				COPY_PHASE_STRIP = NO;
				DEBUG_INFORMATION_FORMAT = "dwarf-with-dsym";
				ENABLE_NS_ASSERTIONS = NO;
				ENABLE_STRICT_OBJC_MSGSEND = YES;
				GCC_C_LANGUAGE_STANDARD = gnu11;
				GCC_NO_COMMON_BLOCKS = YES;
				GCC_WARN_64_TO_32_BIT_CONVERSION = YES;
				GCC_WARN_ABOUT_RETURN_TYPE = YES_ERROR;
				GCC_WARN_UNDECLARED_SELECTOR = YES;
				GCC_WARN_UNINITIALIZED_AUTOS = YES_AGGRESSIVE;
				GCC_WARN_UNUSED_FUNCTION = YES;
				GCC_WARN_UNUSED_VARIABLE = YES;
				IPHONEOS_DEPLOYMENT_TARGET = 12.2;
				MTL_ENABLE_DEBUG_INFO = NO;
				MTL_FAST_MATH = YES;
				SDKROOT = iphoneos;
				SWIFT_COMPILATION_MODE = wholemodule;
				SWIFT_OPTIMIZATION_LEVEL = "-O";
				VALIDATE_PRODUCT = YES;
			};
			name = Release;
		};
		8D8441B9230A27E400CB8508 /* Debug */ = {
			isa = XCBuildConfiguration;
			baseConfigurationReference = 4D93F3B6781DCA9463518C57 /* Pods-OCD Therapy.debug.xcconfig */;
			buildSettings = {
				ASSETCATALOG_COMPILER_APPICON_NAME = AppIcon;
				CODE_SIGN_STYLE = Automatic;
				DEVELOPMENT_TEAM = 2FC6XS92B6;
				INFOPLIST_FILE = "OCD Therapy/Info.plist";
				LD_RUNPATH_SEARCH_PATHS = (
					"$(inherited)",
					"@executable_path/Frameworks",
				);
				PRODUCT_BUNDLE_IDENTIFIER = "com.KarthiKVetrivel.OCD-Therapy";
				PRODUCT_NAME = "$(TARGET_NAME)";
				SWIFT_VERSION = 5.0;
				TARGETED_DEVICE_FAMILY = "1,2";
			};
			name = Debug;
		};
		8D8441BA230A27E400CB8508 /* Release */ = {
			isa = XCBuildConfiguration;
			baseConfigurationReference = 19E46DAA140BA0A62D023C29 /* Pods-OCD Therapy.release.xcconfig */;
			buildSettings = {
				ASSETCATALOG_COMPILER_APPICON_NAME = AppIcon;
				CODE_SIGN_STYLE = Automatic;
				DEVELOPMENT_TEAM = 2FC6XS92B6;
				INFOPLIST_FILE = "OCD Therapy/Info.plist";
				LD_RUNPATH_SEARCH_PATHS = (
					"$(inherited)",
					"@executable_path/Frameworks",
				);
				PRODUCT_BUNDLE_IDENTIFIER = "com.KarthiKVetrivel.OCD-Therapy";
				PRODUCT_NAME = "$(TARGET_NAME)";
				SWIFT_VERSION = 5.0;
				TARGETED_DEVICE_FAMILY = "1,2";
			};
			name = Release;
		};
		8D8441BC230A27E400CB8508 /* Debug */ = {
			isa = XCBuildConfiguration;
			baseConfigurationReference = 0A767EA21A6314FA886EC897 /* Pods-OCD TherapyTests.debug.xcconfig */;
			buildSettings = {
				ALWAYS_EMBED_SWIFT_STANDARD_LIBRARIES = YES;
				BUNDLE_LOADER = "$(TEST_HOST)";
				CODE_SIGN_STYLE = Automatic;
				DEVELOPMENT_TEAM = 2FC6XS92B6;
				INFOPLIST_FILE = "OCD TherapyTests/Info.plist";
				LD_RUNPATH_SEARCH_PATHS = (
					"$(inherited)",
					"@executable_path/Frameworks",
					"@loader_path/Frameworks",
				);
				PRODUCT_BUNDLE_IDENTIFIER = "com.KarthiKVetrivel.OCD-TherapyTests";
				PRODUCT_NAME = "$(TARGET_NAME)";
				SWIFT_VERSION = 5.0;
				TARGETED_DEVICE_FAMILY = "1,2";
				TEST_HOST = "$(BUILT_PRODUCTS_DIR)/OCD Therapy.app/OCD Therapy";
			};
			name = Debug;
		};
		8D8441BD230A27E400CB8508 /* Release */ = {
			isa = XCBuildConfiguration;
			baseConfigurationReference = 4316D4699957F5DA1F6C698E /* Pods-OCD TherapyTests.release.xcconfig */;
			buildSettings = {
				ALWAYS_EMBED_SWIFT_STANDARD_LIBRARIES = YES;
				BUNDLE_LOADER = "$(TEST_HOST)";
				CODE_SIGN_STYLE = Automatic;
				DEVELOPMENT_TEAM = 2FC6XS92B6;
				INFOPLIST_FILE = "OCD TherapyTests/Info.plist";
				LD_RUNPATH_SEARCH_PATHS = (
					"$(inherited)",
					"@executable_path/Frameworks",
					"@loader_path/Frameworks",
				);
				PRODUCT_BUNDLE_IDENTIFIER = "com.KarthiKVetrivel.OCD-TherapyTests";
				PRODUCT_NAME = "$(TARGET_NAME)";
				SWIFT_VERSION = 5.0;
				TARGETED_DEVICE_FAMILY = "1,2";
				TEST_HOST = "$(BUILT_PRODUCTS_DIR)/OCD Therapy.app/OCD Therapy";
			};
			name = Release;
		};
		8D8441BF230A27E400CB8508 /* Debug */ = {
			isa = XCBuildConfiguration;
			baseConfigurationReference = 6B0FBA0A80F834E61FBEAA8E /* Pods-OCD TherapyUITests.debug.xcconfig */;
			buildSettings = {
				ALWAYS_EMBED_SWIFT_STANDARD_LIBRARIES = YES;
				CODE_SIGN_STYLE = Automatic;
				DEVELOPMENT_TEAM = 2FC6XS92B6;
				INFOPLIST_FILE = "OCD TherapyUITests/Info.plist";
				LD_RUNPATH_SEARCH_PATHS = (
					"$(inherited)",
					"@executable_path/Frameworks",
					"@loader_path/Frameworks",
				);
				PRODUCT_BUNDLE_IDENTIFIER = "com.KarthiKVetrivel.OCD-TherapyUITests";
				PRODUCT_NAME = "$(TARGET_NAME)";
				SWIFT_VERSION = 5.0;
				TARGETED_DEVICE_FAMILY = "1,2";
				TEST_TARGET_NAME = "OCD Therapy";
			};
			name = Debug;
		};
		8D8441C0230A27E400CB8508 /* Release */ = {
			isa = XCBuildConfiguration;
			baseConfigurationReference = F8BE4FD18B2AE2A78824900A /* Pods-OCD TherapyUITests.release.xcconfig */;
			buildSettings = {
				ALWAYS_EMBED_SWIFT_STANDARD_LIBRARIES = YES;
				CODE_SIGN_STYLE = Automatic;
				DEVELOPMENT_TEAM = 2FC6XS92B6;
				INFOPLIST_FILE = "OCD TherapyUITests/Info.plist";
				LD_RUNPATH_SEARCH_PATHS = (
					"$(inherited)",
					"@executable_path/Frameworks",
					"@loader_path/Frameworks",
				);
				PRODUCT_BUNDLE_IDENTIFIER = "com.KarthiKVetrivel.OCD-TherapyUITests";
				PRODUCT_NAME = "$(TARGET_NAME)";
				SWIFT_VERSION = 5.0;
				TARGETED_DEVICE_FAMILY = "1,2";
				TEST_TARGET_NAME = "OCD Therapy";
			};
			name = Release;
		};
/* End XCBuildConfiguration section */

/* Begin XCConfigurationList section */
		8D844188230A27E200CB8508 /* Build configuration list for PBXProject "OCD Therapy" */ = {
			isa = XCConfigurationList;
			buildConfigurations = (
				8D8441B6230A27E400CB8508 /* Debug */,
				8D8441B7230A27E400CB8508 /* Release */,
			);
			defaultConfigurationIsVisible = 0;
			defaultConfigurationName = Release;
		};
		8D8441B8230A27E400CB8508 /* Build configuration list for PBXNativeTarget "OCD Therapy" */ = {
			isa = XCConfigurationList;
			buildConfigurations = (
				8D8441B9230A27E400CB8508 /* Debug */,
				8D8441BA230A27E400CB8508 /* Release */,
			);
			defaultConfigurationIsVisible = 0;
			defaultConfigurationName = Release;
		};
		8D8441BB230A27E400CB8508 /* Build configuration list for PBXNativeTarget "OCD TherapyTests" */ = {
			isa = XCConfigurationList;
			buildConfigurations = (
				8D8441BC230A27E400CB8508 /* Debug */,
				8D8441BD230A27E400CB8508 /* Release */,
			);
			defaultConfigurationIsVisible = 0;
			defaultConfigurationName = Release;
		};
		8D8441BE230A27E400CB8508 /* Build configuration list for PBXNativeTarget "OCD TherapyUITests" */ = {
			isa = XCConfigurationList;
			buildConfigurations = (
				8D8441BF230A27E400CB8508 /* Debug */,
				8D8441C0230A27E400CB8508 /* Release */,
			);
			defaultConfigurationIsVisible = 0;
			defaultConfigurationName = Release;
		};
/* End XCConfigurationList section */

/* Begin XCVersionGroup section */
		8D844197230A27E200CB8508 /* OCD_Therapy.xcdatamodeld */ = {
			isa = XCVersionGroup;
			children = (
				8D844198230A27E200CB8508 /* OCD_Therapy.xcdatamodel */,
			);
			currentVersion = 8D844198230A27E200CB8508 /* OCD_Therapy.xcdatamodel */;
			path = OCD_Therapy.xcdatamodeld;
			sourceTree = "<group>";
			versionGroupType = wrapper.xcdatamodel;
		};
/* End XCVersionGroup section */
	};
	rootObject = 8D844185230A27E200CB8508 /* Project object */;
}
